// !$*UTF8*$!
{
	archiveVersion = 1;
	classes = {
	};
	objectVersion = 52;
	objects = {

/* Begin PBXBuildFile section */
		CF0DA1B525EBEA8200128BD2 /* Session.swift in Sources */ = {isa = PBXBuildFile; fileRef = CF0DA1B425EBEA8200128BD2 /* Session.swift */; };
		CF3CA71125E16CCE00341FEB /* FlipPresentAnimationController.swift in Sources */ = {isa = PBXBuildFile; fileRef = CF3CA71025E16CCE00341FEB /* FlipPresentAnimationController.swift */; };
		CF3CA71425E16CFF00341FEB /* FlipDismissAnimationController.swift in Sources */ = {isa = PBXBuildFile; fileRef = CF3CA71325E16CFF00341FEB /* FlipDismissAnimationController.swift */; };
		CF459F482684EB6B00BCEE69 /* CommentsControl.swift in Sources */ = {isa = PBXBuildFile; fileRef = CF459F472684EB6B00BCEE69 /* CommentsControl.swift */; };
		CF459F4B2684EB8200BCEE69 /* RepostsControl.swift in Sources */ = {isa = PBXBuildFile; fileRef = CF459F4A2684EB8200BCEE69 /* RepostsControl.swift */; };
		CF459F4E2684EB8F00BCEE69 /* ViewsControl.swift in Sources */ = {isa = PBXBuildFile; fileRef = CF459F4D2684EB8F00BCEE69 /* ViewsControl.swift */; };
		CF4784BB25F7D8C000335889 /* ImageViewExtension.swift in Sources */ = {isa = PBXBuildFile; fileRef = CF4784BA25F7D8C000335889 /* ImageViewExtension.swift */; };
		CF4AF07625DD5BB100471EF9 /* CustomInteractiveTransition.swift in Sources */ = {isa = PBXBuildFile; fileRef = CF4AF07525DD5BB100471EF9 /* CustomInteractiveTransition.swift */; };
		CF5EFC2125ACB4AB00223FED /* LounchViewController.swift in Sources */ = {isa = PBXBuildFile; fileRef = CF5EFC2025ACB4AB00223FED /* LounchViewController.swift */; };
		CF64E0B525A308A000D50497 /* News.storyboard in Resources */ = {isa = PBXBuildFile; fileRef = CF64E0B425A308A000D50497 /* News.storyboard */; };
		CF64E0BA25A309C000D50497 /* NewsViewController.swift in Sources */ = {isa = PBXBuildFile; fileRef = CF64E0B925A309C000D50497 /* NewsViewController.swift */; };
		CF64E0BD25A33F2800D50497 /* News.swift in Sources */ = {isa = PBXBuildFile; fileRef = CF64E0BC25A33F2800D50497 /* News.swift */; };
		CF6E197C25D84140007E5476 /* CustomNavigationViewController.swift in Sources */ = {isa = PBXBuildFile; fileRef = CF6E197B25D84140007E5476 /* CustomNavigationViewController.swift */; };
		CF6E198025D84371007E5476 /* CustomPushAnimator.swift in Sources */ = {isa = PBXBuildFile; fileRef = CF6E197F25D84371007E5476 /* CustomPushAnimator.swift */; };
		CF6E198325D84388007E5476 /* CustomPopAnimator.swift in Sources */ = {isa = PBXBuildFile; fileRef = CF6E198225D84388007E5476 /* CustomPopAnimator.swift */; };
		CF6E7F9A25C1E0BF00566421 /* CloudViewController.swift in Sources */ = {isa = PBXBuildFile; fileRef = CF6E7F9925C1E0BF00566421 /* CloudViewController.swift */; };
		CF747B72253F5C5000AE3A0F /* Groups.storyboard in Resources */ = {isa = PBXBuildFile; fileRef = CF747B71253F5C5000AE3A0F /* Groups.storyboard */; };
		CF747B75253F5C5C00AE3A0F /* Friends.storyboard in Resources */ = {isa = PBXBuildFile; fileRef = CF747B74253F5C5C00AE3A0F /* Friends.storyboard */; };
		CF81594125FBDDD600FAF6AE /* Photos.swift in Sources */ = {isa = PBXBuildFile; fileRef = CF81594025FBDDD600FAF6AE /* Photos.swift */; };
		CF8B9BE0272EDA670016ACA1 /* AuthorOfFeedTableViewCell.swift in Sources */ = {isa = PBXBuildFile; fileRef = CF8B9BDF272EDA670016ACA1 /* AuthorOfFeedTableViewCell.swift */; };
		CF8B9BE4272EDA970016ACA1 /* TextOfFeedTableViewCell.swift in Sources */ = {isa = PBXBuildFile; fileRef = CF8B9BE3272EDA970016ACA1 /* TextOfFeedTableViewCell.swift */; };
		CF8B9BE7272EDAB70016ACA1 /* PhotoOfFeedTableViewCell.swift in Sources */ = {isa = PBXBuildFile; fileRef = CF8B9BE6272EDAB70016ACA1 /* PhotoOfFeedTableViewCell.swift */; };
		CF8B9BEA272EDAC60016ACA1 /* LikeCountTableViewCell.swift in Sources */ = {isa = PBXBuildFile; fileRef = CF8B9BE9272EDAC60016ACA1 /* LikeCountTableViewCell.swift */; };
		CFAA055E25F148C200EC1502 /* LoginWebViewController.swift in Sources */ = {isa = PBXBuildFile; fileRef = CFAA055D25F148C200EC1502 /* LoginWebViewController.swift */; };
		CFC1739B255826550027B05A /* MyGroupsTableViewController.swift in Sources */ = {isa = PBXBuildFile; fileRef = CFC1739A255826550027B05A /* MyGroupsTableViewController.swift */; };
		CFC1739E255826740027B05A /* AllGroupsTableViewController.swift in Sources */ = {isa = PBXBuildFile; fileRef = CFC1739D255826740027B05A /* AllGroupsTableViewController.swift */; };
		CFC173A1255826880027B05A /* MyFriendsViewController.swift in Sources */ = {isa = PBXBuildFile; fileRef = CFC173A0255826880027B05A /* MyFriendsViewController.swift */; };
		CFC173A4255826ED0027B05A /* PhotosCollectionViewController.swift in Sources */ = {isa = PBXBuildFile; fileRef = CFC173A3255826ED0027B05A /* PhotosCollectionViewController.swift */; };
		CFC173AB255827E80027B05A /* User.swift in Sources */ = {isa = PBXBuildFile; fileRef = CFC173AA255827E80027B05A /* User.swift */; };
		CFC173AE255827F40027B05A /* Group.swift in Sources */ = {isa = PBXBuildFile; fileRef = CFC173AD255827F40027B05A /* Group.swift */; };
		CFC173C2255838C90027B05A /* GroupCell.swift in Sources */ = {isa = PBXBuildFile; fileRef = CFC173C1255838C90027B05A /* GroupCell.swift */; };
		CFC173C5255838DC0027B05A /* FriendCell.swift in Sources */ = {isa = PBXBuildFile; fileRef = CFC173C4255838DC0027B05A /* FriendCell.swift */; };
		CFC173C8255838F30027B05A /* PhotoCell.swift in Sources */ = {isa = PBXBuildFile; fileRef = CFC173C7255838F30027B05A /* PhotoCell.swift */; };
		CFC1B1EB253828EF008EE3C6 /* AppDelegate.swift in Sources */ = {isa = PBXBuildFile; fileRef = CFC1B1EA253828EF008EE3C6 /* AppDelegate.swift */; };
		CFC1B1ED253828EF008EE3C6 /* SceneDelegate.swift in Sources */ = {isa = PBXBuildFile; fileRef = CFC1B1EC253828EF008EE3C6 /* SceneDelegate.swift */; };
		CFC1B1EF253828EF008EE3C6 /* LoginViewController.swift in Sources */ = {isa = PBXBuildFile; fileRef = CFC1B1EE253828EF008EE3C6 /* LoginViewController.swift */; };
		CFC1B1F4253828F0008EE3C6 /* Assets.xcassets in Resources */ = {isa = PBXBuildFile; fileRef = CFC1B1F3253828F0008EE3C6 /* Assets.xcassets */; };
		CFC1B1F7253828F0008EE3C6 /* LaunchScreen.storyboard in Resources */ = {isa = PBXBuildFile; fileRef = CFC1B1F5253828F0008EE3C6 /* LaunchScreen.storyboard */; };
		CFCAFA242738257B00ED3E50 /* SwiftyJSON in Frameworks */ = {isa = PBXBuildFile; productRef = CFCAFA232738257B00ED3E50 /* SwiftyJSON */; };
		CFCAFA27273826AD00ED3E50 /* VKNewsfeedService.swift in Sources */ = {isa = PBXBuildFile; fileRef = CFCAFA26273826AD00ED3E50 /* VKNewsfeedService.swift */; };
		CFCAFA2D27396F2000ED3E50 /* Realm in Frameworks */ = {isa = PBXBuildFile; productRef = CFCAFA2C27396F2000ED3E50 /* Realm */; };
		CFCAFA2F27396F2000ED3E50 /* RealmSwift in Frameworks */ = {isa = PBXBuildFile; productRef = CFCAFA2E27396F2000ED3E50 /* RealmSwift */; };
		CFCAFA32273981D300ED3E50 /* NewsCellProtocol.swift in Sources */ = {isa = PBXBuildFile; fileRef = CFCAFA31273981D200ED3E50 /* NewsCellProtocol.swift */; };
		CFCAFA372739899A00ED3E50 /* Kingfisher in Frameworks */ = {isa = PBXBuildFile; productRef = CFCAFA362739899A00ED3E50 /* Kingfisher */; };
		CFD1857B2588EA46007626FA /* LikeControl.swift in Sources */ = {isa = PBXBuildFile; fileRef = CFD1857A2588EA46007626FA /* LikeControl.swift */; };
		CFD3AF0C260D17D600FF8E9F /* Main.storyboard in Resources */ = {isa = PBXBuildFile; fileRef = CFC1B1F0253828EF008EE3C6 /* Main.storyboard */; };
		CFDE96C325E7FDFE00F6DECD /* ExtendedFullScreenViewController.swift in Sources */ = {isa = PBXBuildFile; fileRef = CFDE96C225E7FDFE00F6DECD /* ExtendedFullScreenViewController.swift */; };
		CFDFAC6F25C83545006DE26E /* FullScreenPhotosViewController.swift in Sources */ = {isa = PBXBuildFile; fileRef = CFDFAC6E25C83545006DE26E /* FullScreenPhotosViewController.swift */; };
		CFE0F8CF2582985800BB8BD1 /* AvatarControl.swift in Sources */ = {isa = PBXBuildFile; fileRef = CFE0F8CE2582985800BB8BD1 /* AvatarControl.swift */; };
		CFF7435D2593B2D900FDDF17 /* LetterPicker.swift in Sources */ = {isa = PBXBuildFile; fileRef = CFF7435C2593B2D900FDDF17 /* LetterPicker.swift */; };
		CFF9B11B25F125140019D5CF /* Alamofire in Frameworks */ = {isa = PBXBuildFile; productRef = CFF9B11A25F125140019D5CF /* Alamofire */; };
		CFFD5D5525F285B200BD2609 /* VKAPIService.swift in Sources */ = {isa = PBXBuildFile; fileRef = CFFD5D5425F285B200BD2609 /* VKAPIService.swift */; };
/* End PBXBuildFile section */

/* Begin PBXFileReference section */
		CF0DA1B425EBEA8200128BD2 /* Session.swift */ = {isa = PBXFileReference; lastKnownFileType = sourcecode.swift; path = Session.swift; sourceTree = "<group>"; };
		CF3CA71025E16CCE00341FEB /* FlipPresentAnimationController.swift */ = {isa = PBXFileReference; lastKnownFileType = sourcecode.swift; path = FlipPresentAnimationController.swift; sourceTree = "<group>"; };
		CF3CA71325E16CFF00341FEB /* FlipDismissAnimationController.swift */ = {isa = PBXFileReference; lastKnownFileType = sourcecode.swift; path = FlipDismissAnimationController.swift; sourceTree = "<group>"; };
		CF459F472684EB6B00BCEE69 /* CommentsControl.swift */ = {isa = PBXFileReference; lastKnownFileType = sourcecode.swift; path = CommentsControl.swift; sourceTree = "<group>"; };
		CF459F4A2684EB8200BCEE69 /* RepostsControl.swift */ = {isa = PBXFileReference; lastKnownFileType = sourcecode.swift; path = RepostsControl.swift; sourceTree = "<group>"; };
		CF459F4D2684EB8F00BCEE69 /* ViewsControl.swift */ = {isa = PBXFileReference; lastKnownFileType = sourcecode.swift; path = ViewsControl.swift; sourceTree = "<group>"; };
		CF4784BA25F7D8C000335889 /* ImageViewExtension.swift */ = {isa = PBXFileReference; lastKnownFileType = sourcecode.swift; path = ImageViewExtension.swift; sourceTree = "<group>"; };
		CF4AF07525DD5BB100471EF9 /* CustomInteractiveTransition.swift */ = {isa = PBXFileReference; lastKnownFileType = sourcecode.swift; path = CustomInteractiveTransition.swift; sourceTree = "<group>"; };
		CF5EFC2025ACB4AB00223FED /* LounchViewController.swift */ = {isa = PBXFileReference; lastKnownFileType = sourcecode.swift; path = LounchViewController.swift; sourceTree = "<group>"; };
		CF64E0B425A308A000D50497 /* News.storyboard */ = {isa = PBXFileReference; lastKnownFileType = file.storyboard; path = News.storyboard; sourceTree = "<group>"; };
		CF64E0B925A309C000D50497 /* NewsViewController.swift */ = {isa = PBXFileReference; lastKnownFileType = sourcecode.swift; path = NewsViewController.swift; sourceTree = "<group>"; };
		CF64E0BC25A33F2800D50497 /* News.swift */ = {isa = PBXFileReference; lastKnownFileType = sourcecode.swift; path = News.swift; sourceTree = "<group>"; };
		CF6E197B25D84140007E5476 /* CustomNavigationViewController.swift */ = {isa = PBXFileReference; lastKnownFileType = sourcecode.swift; path = CustomNavigationViewController.swift; sourceTree = "<group>"; };
		CF6E197F25D84371007E5476 /* CustomPushAnimator.swift */ = {isa = PBXFileReference; lastKnownFileType = sourcecode.swift; path = CustomPushAnimator.swift; sourceTree = "<group>"; };
		CF6E198225D84388007E5476 /* CustomPopAnimator.swift */ = {isa = PBXFileReference; lastKnownFileType = sourcecode.swift; path = CustomPopAnimator.swift; sourceTree = "<group>"; };
		CF6E7F9925C1E0BF00566421 /* CloudViewController.swift */ = {isa = PBXFileReference; lastKnownFileType = sourcecode.swift; path = CloudViewController.swift; sourceTree = "<group>"; };
		CF747B71253F5C5000AE3A0F /* Groups.storyboard */ = {isa = PBXFileReference; lastKnownFileType = file.storyboard; path = Groups.storyboard; sourceTree = "<group>"; };
		CF747B74253F5C5C00AE3A0F /* Friends.storyboard */ = {isa = PBXFileReference; lastKnownFileType = file.storyboard; path = Friends.storyboard; sourceTree = "<group>"; };
		CF81594025FBDDD600FAF6AE /* Photos.swift */ = {isa = PBXFileReference; lastKnownFileType = sourcecode.swift; path = Photos.swift; sourceTree = "<group>"; };
		CF8B9BDF272EDA670016ACA1 /* AuthorOfFeedTableViewCell.swift */ = {isa = PBXFileReference; lastKnownFileType = sourcecode.swift; path = AuthorOfFeedTableViewCell.swift; sourceTree = "<group>"; };
		CF8B9BE3272EDA970016ACA1 /* TextOfFeedTableViewCell.swift */ = {isa = PBXFileReference; lastKnownFileType = sourcecode.swift; path = TextOfFeedTableViewCell.swift; sourceTree = "<group>"; };
		CF8B9BE6272EDAB70016ACA1 /* PhotoOfFeedTableViewCell.swift */ = {isa = PBXFileReference; lastKnownFileType = sourcecode.swift; path = PhotoOfFeedTableViewCell.swift; sourceTree = "<group>"; };
		CF8B9BE9272EDAC60016ACA1 /* LikeCountTableViewCell.swift */ = {isa = PBXFileReference; lastKnownFileType = sourcecode.swift; path = LikeCountTableViewCell.swift; sourceTree = "<group>"; };
		CFAA055D25F148C200EC1502 /* LoginWebViewController.swift */ = {isa = PBXFileReference; lastKnownFileType = sourcecode.swift; path = LoginWebViewController.swift; sourceTree = "<group>"; };
		CFC1739A255826550027B05A /* MyGroupsTableViewController.swift */ = {isa = PBXFileReference; lastKnownFileType = sourcecode.swift; path = MyGroupsTableViewController.swift; sourceTree = "<group>"; };
		CFC1739D255826740027B05A /* AllGroupsTableViewController.swift */ = {isa = PBXFileReference; lastKnownFileType = sourcecode.swift; path = AllGroupsTableViewController.swift; sourceTree = "<group>"; };
		CFC173A0255826880027B05A /* MyFriendsViewController.swift */ = {isa = PBXFileReference; lastKnownFileType = sourcecode.swift; path = MyFriendsViewController.swift; sourceTree = "<group>"; };
		CFC173A3255826ED0027B05A /* PhotosCollectionViewController.swift */ = {isa = PBXFileReference; lastKnownFileType = sourcecode.swift; path = PhotosCollectionViewController.swift; sourceTree = "<group>"; };
		CFC173AA255827E80027B05A /* User.swift */ = {isa = PBXFileReference; lastKnownFileType = sourcecode.swift; path = User.swift; sourceTree = "<group>"; };
		CFC173AD255827F40027B05A /* Group.swift */ = {isa = PBXFileReference; lastKnownFileType = sourcecode.swift; path = Group.swift; sourceTree = "<group>"; };
		CFC173C1255838C90027B05A /* GroupCell.swift */ = {isa = PBXFileReference; lastKnownFileType = sourcecode.swift; path = GroupCell.swift; sourceTree = "<group>"; };
		CFC173C4255838DC0027B05A /* FriendCell.swift */ = {isa = PBXFileReference; lastKnownFileType = sourcecode.swift; path = FriendCell.swift; sourceTree = "<group>"; };
		CFC173C7255838F30027B05A /* PhotoCell.swift */ = {isa = PBXFileReference; lastKnownFileType = sourcecode.swift; path = PhotoCell.swift; sourceTree = "<group>"; };
		CFC1B1E7253828EF008EE3C6 /* VK_Client_Romashkov.app */ = {isa = PBXFileReference; explicitFileType = wrapper.application; includeInIndex = 0; path = VK_Client_Romashkov.app; sourceTree = BUILT_PRODUCTS_DIR; };
		CFC1B1EA253828EF008EE3C6 /* AppDelegate.swift */ = {isa = PBXFileReference; lastKnownFileType = sourcecode.swift; path = AppDelegate.swift; sourceTree = "<group>"; };
		CFC1B1EC253828EF008EE3C6 /* SceneDelegate.swift */ = {isa = PBXFileReference; lastKnownFileType = sourcecode.swift; path = SceneDelegate.swift; sourceTree = "<group>"; };
		CFC1B1EE253828EF008EE3C6 /* LoginViewController.swift */ = {isa = PBXFileReference; lastKnownFileType = sourcecode.swift; path = LoginViewController.swift; sourceTree = "<group>"; };
		CFC1B1F1253828EF008EE3C6 /* Base */ = {isa = PBXFileReference; lastKnownFileType = file.storyboard; name = Base; path = Base.lproj/Main.storyboard; sourceTree = "<group>"; };
		CFC1B1F3253828F0008EE3C6 /* Assets.xcassets */ = {isa = PBXFileReference; lastKnownFileType = folder.assetcatalog; path = Assets.xcassets; sourceTree = "<group>"; };
		CFC1B1F6253828F0008EE3C6 /* Base */ = {isa = PBXFileReference; lastKnownFileType = file.storyboard; name = Base; path = Base.lproj/LaunchScreen.storyboard; sourceTree = "<group>"; };
		CFC1B1F8253828F0008EE3C6 /* Info.plist */ = {isa = PBXFileReference; lastKnownFileType = text.plist.xml; path = Info.plist; sourceTree = "<group>"; };
		CFCAFA26273826AD00ED3E50 /* VKNewsfeedService.swift */ = {isa = PBXFileReference; lastKnownFileType = sourcecode.swift; path = VKNewsfeedService.swift; sourceTree = "<group>"; };
		CFCAFA31273981D200ED3E50 /* NewsCellProtocol.swift */ = {isa = PBXFileReference; lastKnownFileType = sourcecode.swift; path = NewsCellProtocol.swift; sourceTree = "<group>"; };
		CFD1857A2588EA46007626FA /* LikeControl.swift */ = {isa = PBXFileReference; lastKnownFileType = sourcecode.swift; path = LikeControl.swift; sourceTree = "<group>"; };
		CFDE96C225E7FDFE00F6DECD /* ExtendedFullScreenViewController.swift */ = {isa = PBXFileReference; lastKnownFileType = sourcecode.swift; path = ExtendedFullScreenViewController.swift; sourceTree = "<group>"; };
		CFDFAC6E25C83545006DE26E /* FullScreenPhotosViewController.swift */ = {isa = PBXFileReference; lastKnownFileType = sourcecode.swift; path = FullScreenPhotosViewController.swift; sourceTree = "<group>"; };
		CFE0F8CE2582985800BB8BD1 /* AvatarControl.swift */ = {isa = PBXFileReference; lastKnownFileType = sourcecode.swift; path = AvatarControl.swift; sourceTree = "<group>"; };
		CFF7435C2593B2D900FDDF17 /* LetterPicker.swift */ = {isa = PBXFileReference; lastKnownFileType = sourcecode.swift; path = LetterPicker.swift; sourceTree = "<group>"; };
		CFFD5D5425F285B200BD2609 /* VKAPIService.swift */ = {isa = PBXFileReference; lastKnownFileType = sourcecode.swift; path = VKAPIService.swift; sourceTree = "<group>"; };
/* End PBXFileReference section */

/* Begin PBXFrameworksBuildPhase section */
		CFC1B1E4253828EF008EE3C6 /* Frameworks */ = {
			isa = PBXFrameworksBuildPhase;
			buildActionMask = 2147483647;
			files = (
				CFCAFA2F27396F2000ED3E50 /* RealmSwift in Frameworks */,
				CFCAFA2D27396F2000ED3E50 /* Realm in Frameworks */,
				CFCAFA242738257B00ED3E50 /* SwiftyJSON in Frameworks */,
				CFF9B11B25F125140019D5CF /* Alamofire in Frameworks */,
				CFCAFA372739899A00ED3E50 /* Kingfisher in Frameworks */,
			);
			runOnlyForDeploymentPostprocessing = 0;
		};
/* End PBXFrameworksBuildPhase section */

/* Begin PBXGroup section */
		CF0DA1B325EBEA4B00128BD2 /* Services */ = {
			isa = PBXGroup;
			children = (
				CF0DA1B425EBEA8200128BD2 /* Session.swift */,
				CFFD5D5425F285B200BD2609 /* VKAPIService.swift */,
				CFCAFA26273826AD00ED3E50 /* VKNewsfeedService.swift */,
			);
			path = Services;
			sourceTree = "<group>";
		};
		CF5EFC1F25ACB48200223FED /* LounchDots */ = {
			isa = PBXGroup;
			children = (
				CF5EFC2025ACB4AB00223FED /* LounchViewController.swift */,
			);
			path = LounchDots;
			sourceTree = "<group>";
		};
		CF64E0B825A3098900D50497 /* News */ = {
			isa = PBXGroup;
			children = (
				CF64E0B925A309C000D50497 /* NewsViewController.swift */,
			);
			path = News;
			sourceTree = "<group>";
		};
		CF64E0C225A34EC800D50497 /* Storyboards */ = {
			isa = PBXGroup;
			children = (
				CFC1B1F5253828F0008EE3C6 /* LaunchScreen.storyboard */,
				CFC1B1F0253828EF008EE3C6 /* Main.storyboard */,
				CF747B71253F5C5000AE3A0F /* Groups.storyboard */,
				CF747B74253F5C5C00AE3A0F /* Friends.storyboard */,
				CF64E0B425A308A000D50497 /* News.storyboard */,
			);
			path = Storyboards;
			sourceTree = "<group>";
		};
		CF6E197A25D840E3007E5476 /* Navigation */ = {
			isa = PBXGroup;
			children = (
				CF6E197B25D84140007E5476 /* CustomNavigationViewController.swift */,
			);
			path = Navigation;
			sourceTree = "<group>";
		};
		CF6E197E25D84334007E5476 /* Helpers */ = {
			isa = PBXGroup;
			children = (
				CF4AF07525DD5BB100471EF9 /* CustomInteractiveTransition.swift */,
				CF6E197F25D84371007E5476 /* CustomPushAnimator.swift */,
				CF6E198225D84388007E5476 /* CustomPopAnimator.swift */,
				CF3CA71025E16CCE00341FEB /* FlipPresentAnimationController.swift */,
				CF3CA71325E16CFF00341FEB /* FlipDismissAnimationController.swift */,
				CF4784BA25F7D8C000335889 /* ImageViewExtension.swift */,
			);
			path = Helpers;
			sourceTree = "<group>";
		};
		CF6E7F9825C1E08C00566421 /* LounchCloud */ = {
			isa = PBXGroup;
			children = (
				CF6E7F9925C1E0BF00566421 /* CloudViewController.swift */,
			);
			path = LounchCloud;
			sourceTree = "<group>";
		};
		CFC173A6255826F70027B05A /* Friends */ = {
			isa = PBXGroup;
			children = (
				CFC173A0255826880027B05A /* MyFriendsViewController.swift */,
			);
			path = Friends;
			sourceTree = "<group>";
		};
		CFC173A7255827080027B05A /* Groups */ = {
			isa = PBXGroup;
			children = (
				CFC1739A255826550027B05A /* MyGroupsTableViewController.swift */,
				CFC1739D255826740027B05A /* AllGroupsTableViewController.swift */,
			);
			path = Groups;
			sourceTree = "<group>";
		};
		CFC173A8255827120027B05A /* Photos (of my friends) */ = {
			isa = PBXGroup;
			children = (
				CFC173A3255826ED0027B05A /* PhotosCollectionViewController.swift */,
				CFDFAC6E25C83545006DE26E /* FullScreenPhotosViewController.swift */,
				CFDE96C225E7FDFE00F6DECD /* ExtendedFullScreenViewController.swift */,
			);
			path = "Photos (of my friends)";
			sourceTree = "<group>";
		};
		CFC173A9255827410027B05A /* Login */ = {
			isa = PBXGroup;
			children = (
				CFC1B1EE253828EF008EE3C6 /* LoginViewController.swift */,
				CFAA055D25F148C200EC1502 /* LoginWebViewController.swift */,
			);
			path = Login;
			sourceTree = "<group>";
		};
		CFC173B1255835320027B05A /* Cells */ = {
			isa = PBXGroup;
			children = (
				CFC173C1255838C90027B05A /* GroupCell.swift */,
				CFC173C4255838DC0027B05A /* FriendCell.swift */,
				CFC173C7255838F30027B05A /* PhotoCell.swift */,
				CF8B9BDF272EDA670016ACA1 /* AuthorOfFeedTableViewCell.swift */,
				CF8B9BE3272EDA970016ACA1 /* TextOfFeedTableViewCell.swift */,
				CF8B9BE6272EDAB70016ACA1 /* PhotoOfFeedTableViewCell.swift */,
				CF8B9BE9272EDAC60016ACA1 /* LikeCountTableViewCell.swift */,
				CFCAFA31273981D200ED3E50 /* NewsCellProtocol.swift */,
			);
			path = Cells;
			sourceTree = "<group>";
		};
		CFC1B1DE253828EF008EE3C6 = {
			isa = PBXGroup;
			children = (
				CFC1B1E9253828EF008EE3C6 /* VK_Client_Romashkov */,
				CFC1B1E8253828EF008EE3C6 /* Products */,
			);
			sourceTree = "<group>";
		};
		CFC1B1E8253828EF008EE3C6 /* Products */ = {
			isa = PBXGroup;
			children = (
				CFC1B1E7253828EF008EE3C6 /* VK_Client_Romashkov.app */,
			);
			name = Products;
			sourceTree = "<group>";
		};
		CFC1B1E9253828EF008EE3C6 /* VK_Client_Romashkov */ = {
			isa = PBXGroup;
			children = (
				CFC1B20025382996008EE3C6 /* App */,
				CF64E0C225A34EC800D50497 /* Storyboards */,
				CF0DA1B325EBEA4B00128BD2 /* Services */,
				CFC1B202253829AB008EE3C6 /* Models */,
				CFC1B203253829CC008EE3C6 /* Views */,
				CFC1B2012538299F008EE3C6 /* Controllers */,
				CF6E197E25D84334007E5476 /* Helpers */,
				CFC1B1F8253828F0008EE3C6 /* Info.plist */,
			);
			path = VK_Client_Romashkov;
			sourceTree = "<group>";
		};
		CFC1B20025382996008EE3C6 /* App */ = {
			isa = PBXGroup;
			children = (
				CFC1B1EA253828EF008EE3C6 /* AppDelegate.swift */,
				CFC1B1EC253828EF008EE3C6 /* SceneDelegate.swift */,
				CFC1B1F3253828F0008EE3C6 /* Assets.xcassets */,
			);
			path = App;
			sourceTree = "<group>";
		};
		CFC1B2012538299F008EE3C6 /* Controllers */ = {
			isa = PBXGroup;
			children = (
				CF6E7F9825C1E08C00566421 /* LounchCloud */,
				CF5EFC1F25ACB48200223FED /* LounchDots */,
				CFC173A9255827410027B05A /* Login */,
				CFC173A6255826F70027B05A /* Friends */,
				CFC173A7255827080027B05A /* Groups */,
				CFC173A8255827120027B05A /* Photos (of my friends) */,
				CF64E0B825A3098900D50497 /* News */,
				CF6E197A25D840E3007E5476 /* Navigation */,
			);
			path = Controllers;
			sourceTree = "<group>";
		};
		CFC1B202253829AB008EE3C6 /* Models */ = {
			isa = PBXGroup;
			children = (
				CFC173AA255827E80027B05A /* User.swift */,
				CFC173AD255827F40027B05A /* Group.swift */,
				CF81594025FBDDD600FAF6AE /* Photos.swift */,
				CF64E0BC25A33F2800D50497 /* News.swift */,
			);
			path = Models;
			sourceTree = "<group>";
		};
		CFC1B203253829CC008EE3C6 /* Views */ = {
			isa = PBXGroup;
			children = (
				CFC173B1255835320027B05A /* Cells */,
				CFD8820E258D1B6A00B6D544 /* Custom */,
			);
			path = Views;
			sourceTree = "<group>";
		};
		CFD8820E258D1B6A00B6D544 /* Custom */ = {
			isa = PBXGroup;
			children = (
				CFE0F8CE2582985800BB8BD1 /* AvatarControl.swift */,
				CFF7435C2593B2D900FDDF17 /* LetterPicker.swift */,
				CFD1857A2588EA46007626FA /* LikeControl.swift */,
				CF459F472684EB6B00BCEE69 /* CommentsControl.swift */,
				CF459F4A2684EB8200BCEE69 /* RepostsControl.swift */,
				CF459F4D2684EB8F00BCEE69 /* ViewsControl.swift */,
			);
			path = Custom;
			sourceTree = "<group>";
		};
/* End PBXGroup section */

/* Begin PBXNativeTarget section */
		CFC1B1E6253828EF008EE3C6 /* VK_Client_Romashkov */ = {
			isa = PBXNativeTarget;
			buildConfigurationList = CFC1B1FB253828F0008EE3C6 /* Build configuration list for PBXNativeTarget "VK_Client_Romashkov" */;
			buildPhases = (
				CFC1B1E3253828EF008EE3C6 /* Sources */,
				CFC1B1E4253828EF008EE3C6 /* Frameworks */,
				CFC1B1E5253828EF008EE3C6 /* Resources */,
			);
			buildRules = (
			);
			dependencies = (
			);
			name = VK_Client_Romashkov;
			packageProductDependencies = (
				CFF9B11A25F125140019D5CF /* Alamofire */,
				CFCAFA232738257B00ED3E50 /* SwiftyJSON */,
				CFCAFA2C27396F2000ED3E50 /* Realm */,
				CFCAFA2E27396F2000ED3E50 /* RealmSwift */,
				CFCAFA362739899A00ED3E50 /* Kingfisher */,
			);
			productName = VK_Client_Romashkov;
			productReference = CFC1B1E7253828EF008EE3C6 /* VK_Client_Romashkov.app */;
			productType = "com.apple.product-type.application";
		};
/* End PBXNativeTarget section */

/* Begin PBXProject section */
		CFC1B1DF253828EF008EE3C6 /* Project object */ = {
			isa = PBXProject;
			attributes = {
				LastSwiftUpdateCheck = 1200;
				LastUpgradeCheck = 1200;
				TargetAttributes = {
					CFC1B1E6253828EF008EE3C6 = {
						CreatedOnToolsVersion = 12.0.1;
					};
				};
			};
			buildConfigurationList = CFC1B1E2253828EF008EE3C6 /* Build configuration list for PBXProject "VK_Client_Romashkov" */;
			compatibilityVersion = "Xcode 9.3";
			developmentRegion = en;
			hasScannedForEncodings = 0;
			knownRegions = (
				en,
				Base,
			);
			mainGroup = CFC1B1DE253828EF008EE3C6;
			packageReferences = (
				CFF9B11925F125140019D5CF /* XCRemoteSwiftPackageReference "Alamofire" */,
				CFCAFA222738257B00ED3E50 /* XCRemoteSwiftPackageReference "SwiftyJSON" */,
				CFCAFA2B27396F2000ED3E50 /* XCRemoteSwiftPackageReference "realm-cocoa" */,
				CFCAFA352739899A00ED3E50 /* XCRemoteSwiftPackageReference "Kingfisher" */,
			);
			productRefGroup = CFC1B1E8253828EF008EE3C6 /* Products */;
			projectDirPath = "";
			projectRoot = "";
			targets = (
				CFC1B1E6253828EF008EE3C6 /* VK_Client_Romashkov */,
			);
		};
/* End PBXProject section */

/* Begin PBXResourcesBuildPhase section */
		CFC1B1E5253828EF008EE3C6 /* Resources */ = {
			isa = PBXResourcesBuildPhase;
			buildActionMask = 2147483647;
			files = (
				CF747B72253F5C5000AE3A0F /* Groups.storyboard in Resources */,
				CF64E0B525A308A000D50497 /* News.storyboard in Resources */,
				CF747B75253F5C5C00AE3A0F /* Friends.storyboard in Resources */,
				CFD3AF0C260D17D600FF8E9F /* Main.storyboard in Resources */,
				CFC1B1F7253828F0008EE3C6 /* LaunchScreen.storyboard in Resources */,
				CFC1B1F4253828F0008EE3C6 /* Assets.xcassets in Resources */,
			);
			runOnlyForDeploymentPostprocessing = 0;
		};
/* End PBXResourcesBuildPhase section */

/* Begin PBXSourcesBuildPhase section */
		CFC1B1E3253828EF008EE3C6 /* Sources */ = {
			isa = PBXSourcesBuildPhase;
			buildActionMask = 2147483647;
			files = (
				CFC173C5255838DC0027B05A /* FriendCell.swift in Sources */,
				CFAA055E25F148C200EC1502 /* LoginWebViewController.swift in Sources */,
				CF459F482684EB6B00BCEE69 /* CommentsControl.swift in Sources */,
				CF0DA1B525EBEA8200128BD2 /* Session.swift in Sources */,
				CFC173AE255827F40027B05A /* Group.swift in Sources */,
				CF6E7F9A25C1E0BF00566421 /* CloudViewController.swift in Sources */,
				CFD1857B2588EA46007626FA /* LikeControl.swift in Sources */,
				CFF7435D2593B2D900FDDF17 /* LetterPicker.swift in Sources */,
				CFFD5D5525F285B200BD2609 /* VKAPIService.swift in Sources */,
				CFC1B1EF253828EF008EE3C6 /* LoginViewController.swift in Sources */,
				CFC1B1EB253828EF008EE3C6 /* AppDelegate.swift in Sources */,
				CFC173C8255838F30027B05A /* PhotoCell.swift in Sources */,
				CFC1739E255826740027B05A /* AllGroupsTableViewController.swift in Sources */,
				CFC173A4255826ED0027B05A /* PhotosCollectionViewController.swift in Sources */,
				CF459F4B2684EB8200BCEE69 /* RepostsControl.swift in Sources */,
				CF8B9BE4272EDA970016ACA1 /* TextOfFeedTableViewCell.swift in Sources */,
				CFDFAC6F25C83545006DE26E /* FullScreenPhotosViewController.swift in Sources */,
				CF4784BB25F7D8C000335889 /* ImageViewExtension.swift in Sources */,
				CF6E197C25D84140007E5476 /* CustomNavigationViewController.swift in Sources */,
				CFC173C2255838C90027B05A /* GroupCell.swift in Sources */,
				CF4AF07625DD5BB100471EF9 /* CustomInteractiveTransition.swift in Sources */,
				CFC173AB255827E80027B05A /* User.swift in Sources */,
				CF6E198325D84388007E5476 /* CustomPopAnimator.swift in Sources */,
				CFC1B1ED253828EF008EE3C6 /* SceneDelegate.swift in Sources */,
				CF3CA71425E16CFF00341FEB /* FlipDismissAnimationController.swift in Sources */,
				CFC1739B255826550027B05A /* MyGroupsTableViewController.swift in Sources */,
				CF3CA71125E16CCE00341FEB /* FlipPresentAnimationController.swift in Sources */,
				CFDE96C325E7FDFE00F6DECD /* ExtendedFullScreenViewController.swift in Sources */,
				CFC173A1255826880027B05A /* MyFriendsViewController.swift in Sources */,
				CF81594125FBDDD600FAF6AE /* Photos.swift in Sources */,
				CFE0F8CF2582985800BB8BD1 /* AvatarControl.swift in Sources */,
				CF8B9BEA272EDAC60016ACA1 /* LikeCountTableViewCell.swift in Sources */,
				CF64E0BD25A33F2800D50497 /* News.swift in Sources */,
				CF8B9BE0272EDA670016ACA1 /* AuthorOfFeedTableViewCell.swift in Sources */,
				CFCAFA32273981D300ED3E50 /* NewsCellProtocol.swift in Sources */,
				CF64E0BA25A309C000D50497 /* NewsViewController.swift in Sources */,
				CF5EFC2125ACB4AB00223FED /* LounchViewController.swift in Sources */,
				CF8B9BE7272EDAB70016ACA1 /* PhotoOfFeedTableViewCell.swift in Sources */,
				CF6E198025D84371007E5476 /* CustomPushAnimator.swift in Sources */,
				CFCAFA27273826AD00ED3E50 /* VKNewsfeedService.swift in Sources */,
				CF459F4E2684EB8F00BCEE69 /* ViewsControl.swift in Sources */,
			);
			runOnlyForDeploymentPostprocessing = 0;
		};
/* End PBXSourcesBuildPhase section */

/* Begin PBXVariantGroup section */
		CFC1B1F0253828EF008EE3C6 /* Main.storyboard */ = {
			isa = PBXVariantGroup;
			children = (
				CFC1B1F1253828EF008EE3C6 /* Base */,
			);
			name = Main.storyboard;
			sourceTree = "<group>";
		};
		CFC1B1F5253828F0008EE3C6 /* LaunchScreen.storyboard */ = {
			isa = PBXVariantGroup;
			children = (
				CFC1B1F6253828F0008EE3C6 /* Base */,
			);
			name = LaunchScreen.storyboard;
			sourceTree = "<group>";
		};
/* End PBXVariantGroup section */

/* Begin XCBuildConfiguration section */
		CFC1B1F9253828F0008EE3C6 /* Debug */ = {
			isa = XCBuildConfiguration;
			buildSettings = {
				ALWAYS_SEARCH_USER_PATHS = NO;
				CLANG_ANALYZER_NONNULL = YES;
				CLANG_ANALYZER_NUMBER_OBJECT_CONVERSION = YES_AGGRESSIVE;
				CLANG_CXX_LANGUAGE_STANDARD = "gnu++14";
				CLANG_CXX_LIBRARY = "libc++";
				CLANG_ENABLE_MODULES = YES;
				CLANG_ENABLE_OBJC_ARC = YES;
				CLANG_ENABLE_OBJC_WEAK = YES;
				CLANG_WARN_BLOCK_CAPTURE_AUTORELEASING = YES;
				CLANG_WARN_BOOL_CONVERSION = YES;
				CLANG_WARN_COMMA = YES;
				CLANG_WARN_CONSTANT_CONVERSION = YES;
				CLANG_WARN_DEPRECATED_OBJC_IMPLEMENTATIONS = YES;
				CLANG_WARN_DIRECT_OBJC_ISA_USAGE = YES_ERROR;
				CLANG_WARN_DOCUMENTATION_COMMENTS = YES;
				CLANG_WARN_EMPTY_BODY = YES;
				CLANG_WARN_ENUM_CONVERSION = YES;
				CLANG_WARN_INFINITE_RECURSION = YES;
				CLANG_WARN_INT_CONVERSION = YES;
				CLANG_WARN_NON_LITERAL_NULL_CONVERSION = YES;
				CLANG_WARN_OBJC_IMPLICIT_RETAIN_SELF = YES;
				CLANG_WARN_OBJC_LITERAL_CONVERSION = YES;
				CLANG_WARN_OBJC_ROOT_CLASS = YES_ERROR;
				CLANG_WARN_QUOTED_INCLUDE_IN_FRAMEWORK_HEADER = YES;
				CLANG_WARN_RANGE_LOOP_ANALYSIS = YES;
				CLANG_WARN_STRICT_PROTOTYPES = YES;
				CLANG_WARN_SUSPICIOUS_MOVE = YES;
				CLANG_WARN_UNGUARDED_AVAILABILITY = YES_AGGRESSIVE;
				CLANG_WARN_UNREACHABLE_CODE = YES;
				CLANG_WARN__DUPLICATE_METHOD_MATCH = YES;
				COPY_PHASE_STRIP = NO;
				DEBUG_INFORMATION_FORMAT = dwarf;
				ENABLE_STRICT_OBJC_MSGSEND = YES;
				ENABLE_TESTABILITY = YES;
				GCC_C_LANGUAGE_STANDARD = gnu11;
				GCC_DYNAMIC_NO_PIC = NO;
				GCC_NO_COMMON_BLOCKS = YES;
				GCC_OPTIMIZATION_LEVEL = 0;
				GCC_PREPROCESSOR_DEFINITIONS = (
					"DEBUG=1",
					"$(inherited)",
				);
				GCC_WARN_64_TO_32_BIT_CONVERSION = YES;
				GCC_WARN_ABOUT_RETURN_TYPE = YES_ERROR;
				GCC_WARN_UNDECLARED_SELECTOR = YES;
				GCC_WARN_UNINITIALIZED_AUTOS = YES_AGGRESSIVE;
				GCC_WARN_UNUSED_FUNCTION = YES;
				GCC_WARN_UNUSED_VARIABLE = YES;
				IPHONEOS_DEPLOYMENT_TARGET = 14.0;
				MTL_ENABLE_DEBUG_INFO = INCLUDE_SOURCE;
				MTL_FAST_MATH = YES;
				ONLY_ACTIVE_ARCH = YES;
				SDKROOT = iphoneos;
				SWIFT_ACTIVE_COMPILATION_CONDITIONS = DEBUG;
				SWIFT_OPTIMIZATION_LEVEL = "-Onone";
			};
			name = Debug;
		};
		CFC1B1FA253828F0008EE3C6 /* Release */ = {
			isa = XCBuildConfiguration;
			buildSettings = {
				ALWAYS_SEARCH_USER_PATHS = NO;
				CLANG_ANALYZER_NONNULL = YES;
				CLANG_ANALYZER_NUMBER_OBJECT_CONVERSION = YES_AGGRESSIVE;
				CLANG_CXX_LANGUAGE_STANDARD = "gnu++14";
				CLANG_CXX_LIBRARY = "libc++";
				CLANG_ENABLE_MODULES = YES;
				CLANG_ENABLE_OBJC_ARC = YES;
				CLANG_ENABLE_OBJC_WEAK = YES;
				CLANG_WARN_BLOCK_CAPTURE_AUTORELEASING = YES;
				CLANG_WARN_BOOL_CONVERSION = YES;
				CLANG_WARN_COMMA = YES;
				CLANG_WARN_CONSTANT_CONVERSION = YES;
				CLANG_WARN_DEPRECATED_OBJC_IMPLEMENTATIONS = YES;
				CLANG_WARN_DIRECT_OBJC_ISA_USAGE = YES_ERROR;
				CLANG_WARN_DOCUMENTATION_COMMENTS = YES;
				CLANG_WARN_EMPTY_BODY = YES;
				CLANG_WARN_ENUM_CONVERSION = YES;
				CLANG_WARN_INFINITE_RECURSION = YES;
				CLANG_WARN_INT_CONVERSION = YES;
				CLANG_WARN_NON_LITERAL_NULL_CONVERSION = YES;
				CLANG_WARN_OBJC_IMPLICIT_RETAIN_SELF = YES;
				CLANG_WARN_OBJC_LITERAL_CONVERSION = YES;
				CLANG_WARN_OBJC_ROOT_CLASS = YES_ERROR;
				CLANG_WARN_QUOTED_INCLUDE_IN_FRAMEWORK_HEADER = YES;
				CLANG_WARN_RANGE_LOOP_ANALYSIS = YES;
				CLANG_WARN_STRICT_PROTOTYPES = YES;
				CLANG_WARN_SUSPICIOUS_MOVE = YES;
				CLANG_WARN_UNGUARDED_AVAILABILITY = YES_AGGRESSIVE;
				CLANG_WARN_UNREACHABLE_CODE = YES;
				CLANG_WARN__DUPLICATE_METHOD_MATCH = YES;
				COPY_PHASE_STRIP = NO;
				DEBUG_INFORMATION_FORMAT = "dwarf-with-dsym";
				ENABLE_NS_ASSERTIONS = NO;
				ENABLE_STRICT_OBJC_MSGSEND = YES;
				GCC_C_LANGUAGE_STANDARD = gnu11;
				GCC_NO_COMMON_BLOCKS = YES;
				GCC_WARN_64_TO_32_BIT_CONVERSION = YES;
				GCC_WARN_ABOUT_RETURN_TYPE = YES_ERROR;
				GCC_WARN_UNDECLARED_SELECTOR = YES;
				GCC_WARN_UNINITIALIZED_AUTOS = YES_AGGRESSIVE;
				GCC_WARN_UNUSED_FUNCTION = YES;
				GCC_WARN_UNUSED_VARIABLE = YES;
				IPHONEOS_DEPLOYMENT_TARGET = 14.0;
				MTL_ENABLE_DEBUG_INFO = NO;
				MTL_FAST_MATH = YES;
				SDKROOT = iphoneos;
				SWIFT_COMPILATION_MODE = wholemodule;
				SWIFT_OPTIMIZATION_LEVEL = "-O";
				VALIDATE_PRODUCT = YES;
			};
			name = Release;
		};
		CFC1B1FC253828F0008EE3C6 /* Debug */ = {
			isa = XCBuildConfiguration;
			buildSettings = {
				ASSETCATALOG_COMPILER_APPICON_NAME = AppIcon;
				ASSETCATALOG_COMPILER_GLOBAL_ACCENT_COLOR_NAME = AccentColor;
				CODE_SIGN_STYLE = Automatic;
				DEVELOPMENT_TEAM = A32VY273J6;
				INFOPLIST_FILE = VK_Client_Romashkov/Info.plist;
				LD_RUNPATH_SEARCH_PATHS = (
					"$(inherited)",
					"@executable_path/Frameworks",
				);
				PRODUCT_BUNDLE_IDENTIFIER = "RomashkovMark.VK-Client-Romashkov";
				PRODUCT_NAME = "$(TARGET_NAME)";
				SWIFT_VERSION = 5.0;
				TARGETED_DEVICE_FAMILY = 1;
			};
			name = Debug;
		};
		CFC1B1FD253828F0008EE3C6 /* Release */ = {
			isa = XCBuildConfiguration;
			buildSettings = {
				ASSETCATALOG_COMPILER_APPICON_NAME = AppIcon;
				ASSETCATALOG_COMPILER_GLOBAL_ACCENT_COLOR_NAME = AccentColor;
				CODE_SIGN_STYLE = Automatic;
				DEVELOPMENT_TEAM = A32VY273J6;
				INFOPLIST_FILE = VK_Client_Romashkov/Info.plist;
				LD_RUNPATH_SEARCH_PATHS = (
					"$(inherited)",
					"@executable_path/Frameworks",
				);
				PRODUCT_BUNDLE_IDENTIFIER = "RomashkovMark.VK-Client-Romashkov";
				PRODUCT_NAME = "$(TARGET_NAME)";
				SWIFT_VERSION = 5.0;
				TARGETED_DEVICE_FAMILY = 1;
			};
			name = Release;
		};
/* End XCBuildConfiguration section */

/* Begin XCConfigurationList section */
		CFC1B1E2253828EF008EE3C6 /* Build configuration list for PBXProject "VK_Client_Romashkov" */ = {
			isa = XCConfigurationList;
			buildConfigurations = (
				CFC1B1F9253828F0008EE3C6 /* Debug */,
				CFC1B1FA253828F0008EE3C6 /* Release */,
			);
			defaultConfigurationIsVisible = 0;
			defaultConfigurationName = Release;
		};
		CFC1B1FB253828F0008EE3C6 /* Build configuration list for PBXNativeTarget "VK_Client_Romashkov" */ = {
			isa = XCConfigurationList;
			buildConfigurations = (
				CFC1B1FC253828F0008EE3C6 /* Debug */,
				CFC1B1FD253828F0008EE3C6 /* Release */,
			);
			defaultConfigurationIsVisible = 0;
			defaultConfigurationName = Release;
		};
/* End XCConfigurationList section */

/* Begin XCRemoteSwiftPackageReference section */
		CFCAFA222738257B00ED3E50 /* XCRemoteSwiftPackageReference "SwiftyJSON" */ = {
			isa = XCRemoteSwiftPackageReference;
			repositoryURL = "https://github.com/SwiftyJSON/SwiftyJSON";
			requirement = {
				kind = upToNextMajorVersion;
				minimumVersion = 5.0.1;
			};
		};
		CFCAFA2B27396F2000ED3E50 /* XCRemoteSwiftPackageReference "realm-cocoa" */ = {
			isa = XCRemoteSwiftPackageReference;
			repositoryURL = "https://github.com/realm/realm-cocoa.git";
			requirement = {
				kind = upToNextMajorVersion;
				minimumVersion = 10.19.0;
			};
		};
		CFCAFA352739899A00ED3E50 /* XCRemoteSwiftPackageReference "Kingfisher" */ = {
			isa = XCRemoteSwiftPackageReference;
			repositoryURL = "https://github.com/onevcat/Kingfisher.git";
			requirement = {
				kind = upToNextMajorVersion;
				minimumVersion = 7.1.1;
			};
		};
		CFF9B11925F125140019D5CF /* XCRemoteSwiftPackageReference "Alamofire" */ = {
			isa = XCRemoteSwiftPackageReference;
			repositoryURL = "https://github.com/Alamofire/Alamofire.git";
			requirement = {
				kind = upToNextMajorVersion;
				minimumVersion = 5.4.1;
			};
		};
/* End XCRemoteSwiftPackageReference section */

/* Begin XCSwiftPackageProductDependency section */
		CFCAFA232738257B00ED3E50 /* SwiftyJSON */ = {
			isa = XCSwiftPackageProductDependency;
			package = CFCAFA222738257B00ED3E50 /* XCRemoteSwiftPackageReference "SwiftyJSON" */;
			productName = SwiftyJSON;
		};
		CFCAFA2C27396F2000ED3E50 /* Realm */ = {
			isa = XCSwiftPackageProductDependency;
			package = CFCAFA2B27396F2000ED3E50 /* XCRemoteSwiftPackageReference "realm-cocoa" */;
			productName = Realm;
		};
		CFCAFA2E27396F2000ED3E50 /* RealmSwift */ = {
			isa = XCSwiftPackageProductDependency;
			package = CFCAFA2B27396F2000ED3E50 /* XCRemoteSwiftPackageReference "realm-cocoa" */;
			productName = RealmSwift;
		};
		CFCAFA362739899A00ED3E50 /* Kingfisher */ = {
			isa = XCSwiftPackageProductDependency;
			package = CFCAFA352739899A00ED3E50 /* XCRemoteSwiftPackageReference "Kingfisher" */;
			productName = Kingfisher;
		};
		CFF9B11A25F125140019D5CF /* Alamofire */ = {
			isa = XCSwiftPackageProductDependency;
			package = CFF9B11925F125140019D5CF /* XCRemoteSwiftPackageReference "Alamofire" */;
			productName = Alamofire;
		};
/* End XCSwiftPackageProductDependency section */
	};
	rootObject = CFC1B1DF253828EF008EE3C6 /* Project object */;
}
